
Microsoft Visual Studio Solution File, Format Version 12.00
# Visual Studio Version 16
VisualStudioVersion = 16.0.29519.181
MinimumVisualStudioVersion = 10.0.40219.1
Project("{FAE04EC0-301F-11D3-BF4B-00C04F79EFBC}") = "NHS111.Domain.Itk.Dispatcher", "NHS111.Domain.ItkDispatcher\NHS111.Domain.Itk.Dispatcher.csproj", "{5A827201-6AF1-419B-BACE-65C851FFA90C}"
EndProject
Project("{FAE04EC0-301F-11D3-BF4B-00C04F79EFBC}") = "NHS111.Business.Itk.Dispatcher.API.Functional.Tests", "NHS111.Domain.Itk.Dispatcher.Api.Functional.Tests\NHS111.Business.Itk.Dispatcher.API.Functional.Tests.csproj", "{6EAFE40C-7BD8-45C6-B7BD-08BB160650B6}"
EndProject
Project("{FAE04EC0-301F-11D3-BF4B-00C04F79EFBC}") = "NHS111.Business.Itk.Dispatcher.Api", "NHS111.Business.Itk.Dispatcher.Api\NHS111.Business.Itk.Dispatcher.Api.csproj", "{396B6FA5-9842-455B-8856-887BA33ADBCA}"
EndProject
Project("{2150E333-8FDC-42A3-9474-1A3956D46DE8}") = "Tests", "Tests", "{CB0738F9-67E7-4A44-84C9-3D8F3F8DFAD8}"
EndProject
Project("{FAE04EC0-301F-11D3-BF4B-00C04F79EFBC}") = "NHS111.Business.Itk.Dispatcher.Test", "NHS111.Business.Itk.Dispatcher.Test\NHS111.Business.Itk.Dispatcher.Test.csproj", "{8941C3BF-8638-48E3-B55D-6C1CF4258D77}"
EndProject
Project("{9A19103F-16F7-4668-BE54-9A1E7A4F7556}") = "NHS111.Data.Itk.Dispatcher", "NHS111.Data.Itk.Dispatcher\NHS111.Data.Itk.Dispatcher.csproj", "{2E62B76D-CB97-4963-9724-D0C2CF9B6582}"
EndProject
Project("{FAE04EC0-301F-11D3-BF4B-00C04F79EFBC}") = "NHS111.Data.Sqlite.Itk.Dispatcher", "NHS111.Data.Sqlite.Itk.Dispatcher\NHS111.Data.Sqlite.Itk.Dispatcher.csproj", "{0101976E-CE5D-4875-8843-7F48AB139E86}"
EndProject
Project("{FAE04EC0-301F-11D3-BF4B-00C04F79EFBC}") = "NHS111.Business.Itk.Dispatcher.Api.Tests", "NHS111.Business.Itk.Dispatcher.Api.Tests\NHS111.Business.Itk.Dispatcher.Api.Tests.csproj", "{E8B70ED8-D993-4036-BF3F-E25BD022A6C3}"
EndProject
Global
	GlobalSection(SolutionConfigurationPlatforms) = preSolution
		Debug|Any CPU = Debug|Any CPU
		Release|Any CPU = Release|Any CPU
		UAT|Any CPU = UAT|Any CPU
	EndGlobalSection
	GlobalSection(ProjectConfigurationPlatforms) = postSolution
		{5A827201-6AF1-419B-BACE-65C851FFA90C}.Debug|Any CPU.ActiveCfg = Debug|Any CPU
		{5A827201-6AF1-419B-BACE-65C851FFA90C}.Debug|Any CPU.Build.0 = Debug|Any CPU
		{5A827201-6AF1-419B-BACE-65C851FFA90C}.Release|Any CPU.ActiveCfg = Release|Any CPU
		{5A827201-6AF1-419B-BACE-65C851FFA90C}.Release|Any CPU.Build.0 = Release|Any CPU
		{5A827201-6AF1-419B-BACE-65C851FFA90C}.UAT|Any CPU.ActiveCfg = Release|Any CPU
		{5A827201-6AF1-419B-BACE-65C851FFA90C}.UAT|Any CPU.Build.0 = Release|Any CPU
		{6EAFE40C-7BD8-45C6-B7BD-08BB160650B6}.Debug|Any CPU.ActiveCfg = Debug|Any CPU
		{6EAFE40C-7BD8-45C6-B7BD-08BB160650B6}.Debug|Any CPU.Build.0 = Debug|Any CPU
		{6EAFE40C-7BD8-45C6-B7BD-08BB160650B6}.Release|Any CPU.ActiveCfg = Release|Any CPU
		{6EAFE40C-7BD8-45C6-B7BD-08BB160650B6}.Release|Any CPU.Build.0 = Release|Any CPU
		{6EAFE40C-7BD8-45C6-B7BD-08BB160650B6}.UAT|Any CPU.ActiveCfg = Release|Any CPU
		{6EAFE40C-7BD8-45C6-B7BD-08BB160650B6}.UAT|Any CPU.Build.0 = Release|Any CPU
		{396B6FA5-9842-455B-8856-887BA33ADBCA}.Debug|Any CPU.ActiveCfg = Debug|Any CPU
		{396B6FA5-9842-455B-8856-887BA33ADBCA}.Debug|Any CPU.Build.0 = Debug|Any CPU
		{396B6FA5-9842-455B-8856-887BA33ADBCA}.Release|Any CPU.ActiveCfg = Release|Any CPU
		{396B6FA5-9842-455B-8856-887BA33ADBCA}.Release|Any CPU.Build.0 = Release|Any CPU
		{396B6FA5-9842-455B-8856-887BA33ADBCA}.UAT|Any CPU.ActiveCfg = Release|Any CPU
		{396B6FA5-9842-455B-8856-887BA33ADBCA}.UAT|Any CPU.Build.0 = Release|Any CPU
		{8941C3BF-8638-48E3-B55D-6C1CF4258D77}.Debug|Any CPU.ActiveCfg = Debug|Any CPU
		{8941C3BF-8638-48E3-B55D-6C1CF4258D77}.Debug|Any CPU.Build.0 = Debug|Any CPU
		{8941C3BF-8638-48E3-B55D-6C1CF4258D77}.Release|Any CPU.ActiveCfg = Release|Any CPU
		{8941C3BF-8638-48E3-B55D-6C1CF4258D77}.Release|Any CPU.Build.0 = Release|Any CPU
		{8941C3BF-8638-48E3-B55D-6C1CF4258D77}.UAT|Any CPU.ActiveCfg = UAT|Any CPU
		{8941C3BF-8638-48E3-B55D-6C1CF4258D77}.UAT|Any CPU.Build.0 = UAT|Any CPU
		{2E62B76D-CB97-4963-9724-D0C2CF9B6582}.Debug|Any CPU.ActiveCfg = Debug|Any CPU
		{2E62B76D-CB97-4963-9724-D0C2CF9B6582}.Debug|Any CPU.Build.0 = Debug|Any CPU
		{2E62B76D-CB97-4963-9724-D0C2CF9B6582}.Release|Any CPU.ActiveCfg = Release|Any CPU
		{2E62B76D-CB97-4963-9724-D0C2CF9B6582}.Release|Any CPU.Build.0 = Release|Any CPU
		{2E62B76D-CB97-4963-9724-D0C2CF9B6582}.UAT|Any CPU.ActiveCfg = Debug|Any CPU
		{2E62B76D-CB97-4963-9724-D0C2CF9B6582}.UAT|Any CPU.Build.0 = Debug|Any CPU
		{0101976E-CE5D-4875-8843-7F48AB139E86}.Debug|Any CPU.ActiveCfg = Debug|Any CPU
		{0101976E-CE5D-4875-8843-7F48AB139E86}.Debug|Any CPU.Build.0 = Debug|Any CPU
		{0101976E-CE5D-4875-8843-7F48AB139E86}.Release|Any CPU.ActiveCfg = Release|Any CPU
		{0101976E-CE5D-4875-8843-7F48AB139E86}.Release|Any CPU.Build.0 = Release|Any CPU
		{0101976E-CE5D-4875-8843-7F48AB139E86}.UAT|Any CPU.ActiveCfg = Release|Any CPU
		{0101976E-CE5D-4875-8843-7F48AB139E86}.UAT|Any CPU.Build.0 = Release|Any CPU
		{E8B70ED8-D993-4036-BF3F-E25BD022A6C3}.Debug|Any CPU.ActiveCfg = Debug|Any CPU
		{E8B70ED8-D993-4036-BF3F-E25BD022A6C3}.Debug|Any CPU.Build.0 = Debug|Any CPU
		{E8B70ED8-D993-4036-BF3F-E25BD022A6C3}.Release|Any CPU.ActiveCfg = Release|Any CPU
		{E8B70ED8-D993-4036-BF3F-E25BD022A6C3}.Release|Any CPU.Build.0 = Release|Any CPU
		{E8B70ED8-D993-4036-BF3F-E25BD022A6C3}.UAT|Any CPU.ActiveCfg = Release|Any CPU
		{E8B70ED8-D993-4036-BF3F-E25BD022A6C3}.UAT|Any CPU.Build.0 = Release|Any CPU
	EndGlobalSection
	GlobalSection(SolutionProperties) = preSolution
		HideSolutionNode = FALSE
	EndGlobalSection
	GlobalSection(NestedProjects) = preSolution
		{6EAFE40C-7BD8-45C6-B7BD-08BB160650B6} = {CB0738F9-67E7-4A44-84C9-3D8F3F8DFAD8}
		{8941C3BF-8638-48E3-B55D-6C1CF4258D77} = {CB0738F9-67E7-4A44-84C9-3D8F3F8DFAD8}
		{E8B70ED8-D993-4036-BF3F-E25BD022A6C3} = {CB0738F9-67E7-4A44-84C9-3D8F3F8DFAD8}
	EndGlobalSection
	GlobalSection(ExtensibilityGlobals) = postSolution
		SolutionGuid = {226C4270-637B-428F-A3E4-20F9D734E74A}
	EndGlobalSection
EndGlobal
